// !$*UTF8*$!
{
	archiveVersion = 1;
	classes = {
	};
	objectVersion = 56;
	objects = {

/* Begin PBXBuildFile section */
		12B2CB322B83B7FF00208C26 /* PhotoPickerExampleApp.swift in Sources */ = {isa = PBXBuildFile; fileRef = 12B2CB312B83B7FF00208C26 /* PhotoPickerExampleApp.swift */; };
		12B2CB342B83B7FF00208C26 /* ContentView.swift in Sources */ = {isa = PBXBuildFile; fileRef = 12B2CB332B83B7FF00208C26 /* ContentView.swift */; };
		12B2CB362B83B80000208C26 /* Assets.xcassets in Resources */ = {isa = PBXBuildFile; fileRef = 12B2CB352B83B80000208C26 /* Assets.xcassets */; };
		12B2CB3A2B83B80000208C26 /* Preview Assets.xcassets in Resources */ = {isa = PBXBuildFile; fileRef = 12B2CB392B83B80000208C26 /* Preview Assets.xcassets */; };
		12B2CB442B83B80000208C26 /* PhotoPickerExampleTests.swift in Sources */ = {isa = PBXBuildFile; fileRef = 12B2CB432B83B80000208C26 /* PhotoPickerExampleTests.swift */; };
		12B2CB4E2B83B80000208C26 /* PhotoPickerExampleUITests.swift in Sources */ = {isa = PBXBuildFile; fileRef = 12B2CB4D2B83B80000208C26 /* PhotoPickerExampleUITests.swift */; };
		12B2CB502B83B80000208C26 /* PhotoPickerExampleUITestsLaunchTests.swift in Sources */ = {isa = PBXBuildFile; fileRef = 12B2CB4F2B83B80000208C26 /* PhotoPickerExampleUITestsLaunchTests.swift */; };
/* End PBXBuildFile section */

/* Begin PBXContainerItemProxy section */
		12B2CB402B83B80000208C26 /* PBXContainerItemProxy */ = {
			isa = PBXContainerItemProxy;
			containerPortal = 12B2CB262B83B7FE00208C26 /* Project object */;
			proxyType = 1;
			remoteGlobalIDString = 12B2CB2D2B83B7FF00208C26;
			remoteInfo = PhotoPickerExample;
		};
		12B2CB4A2B83B80000208C26 /* PBXContainerItemProxy */ = {
			isa = PBXContainerItemProxy;
			containerPortal = 12B2CB262B83B7FE00208C26 /* Project object */;
			proxyType = 1;
			remoteGlobalIDString = 12B2CB2D2B83B7FF00208C26;
			remoteInfo = PhotoPickerExample;
		};
/* End PBXContainerItemProxy section */

/* Begin PBXFileReference section */
		12B2CB2E2B83B7FF00208C26 /* PhotoPickerExample.app */ = {isa = PBXFileReference; explicitFileType = wrapper.application; includeInIndex = 0; path = PhotoPickerExample.app; sourceTree = BUILT_PRODUCTS_DIR; };
		12B2CB312B83B7FF00208C26 /* PhotoPickerExampleApp.swift */ = {isa = PBXFileReference; lastKnownFileType = sourcecode.swift; path = PhotoPickerExampleApp.swift; sourceTree = "<group>"; };
		12B2CB332B83B7FF00208C26 /* ContentView.swift */ = {isa = PBXFileReference; lastKnownFileType = sourcecode.swift; path = ContentView.swift; sourceTree = "<group>"; };
		12B2CB352B83B80000208C26 /* Assets.xcassets */ = {isa = PBXFileReference; lastKnownFileType = folder.assetcatalog; path = Assets.xcassets; sourceTree = "<group>"; };
		12B2CB372B83B80000208C26 /* PhotoPickerExample.entitlements */ = {isa = PBXFileReference; lastKnownFileType = text.plist.entitlements; path = PhotoPickerExample.entitlements; sourceTree = "<group>"; };
		12B2CB392B83B80000208C26 /* Preview Assets.xcassets */ = {isa = PBXFileReference; lastKnownFileType = folder.assetcatalog; path = "Preview Assets.xcassets"; sourceTree = "<group>"; };
		12B2CB3F2B83B80000208C26 /* PhotoPickerExampleTests.xctest */ = {isa = PBXFileReference; explicitFileType = wrapper.cfbundle; includeInIndex = 0; path = PhotoPickerExampleTests.xctest; sourceTree = BUILT_PRODUCTS_DIR; };
		12B2CB432B83B80000208C26 /* PhotoPickerExampleTests.swift */ = {isa = PBXFileReference; lastKnownFileType = sourcecode.swift; path = PhotoPickerExampleTests.swift; sourceTree = "<group>"; };
		12B2CB492B83B80000208C26 /* PhotoPickerExampleUITests.xctest */ = {isa = PBXFileReference; explicitFileType = wrapper.cfbundle; includeInIndex = 0; path = PhotoPickerExampleUITests.xctest; sourceTree = BUILT_PRODUCTS_DIR; };
		12B2CB4D2B83B80000208C26 /* PhotoPickerExampleUITests.swift */ = {isa = PBXFileReference; lastKnownFileType = sourcecode.swift; path = PhotoPickerExampleUITests.swift; sourceTree = "<group>"; };
		12B2CB4F2B83B80000208C26 /* PhotoPickerExampleUITestsLaunchTests.swift */ = {isa = PBXFileReference; lastKnownFileType = sourcecode.swift; path = PhotoPickerExampleUITestsLaunchTests.swift; sourceTree = "<group>"; };
/* End PBXFileReference section */

/* Begin PBXFrameworksBuildPhase section */
		12B2CB2B2B83B7FF00208C26 /* Frameworks */ = {
			isa = PBXFrameworksBuildPhase;
			buildActionMask = 2147483647;
			files = (
			);
			runOnlyForDeploymentPostprocessing = 0;
		};
		12B2CB3C2B83B80000208C26 /* Frameworks */ = {
			isa = PBXFrameworksBuildPhase;
			buildActionMask = 2147483647;
			files = (
			);
			runOnlyForDeploymentPostprocessing = 0;
		};
		12B2CB462B83B80000208C26 /* Frameworks */ = {
			isa = PBXFrameworksBuildPhase;
			buildActionMask = 2147483647;
			files = (
			);
			runOnlyForDeploymentPostprocessing = 0;
		};
/* End PBXFrameworksBuildPhase section */

/* Begin PBXGroup section */
		12B2CB252B83B7FE00208C26 = {
			isa = PBXGroup;
			children = (
				12B2CB302B83B7FF00208C26 /* PhotoPickerExample */,
				12B2CB422B83B80000208C26 /* PhotoPickerExampleTests */,
				12B2CB4C2B83B80000208C26 /* PhotoPickerExampleUITests */,
				12B2CB2F2B83B7FF00208C26 /* Products */,
			);
			sourceTree = "<group>";
		};
		12B2CB2F2B83B7FF00208C26 /* Products */ = {
			isa = PBXGroup;
			children = (
				12B2CB2E2B83B7FF00208C26 /* PhotoPickerExample.app */,
				12B2CB3F2B83B80000208C26 /* PhotoPickerExampleTests.xctest */,
				12B2CB492B83B80000208C26 /* PhotoPickerExampleUITests.xctest */,
			);
			name = Products;
			sourceTree = "<group>";
		};
		12B2CB302B83B7FF00208C26 /* PhotoPickerExample */ = {
			isa = PBXGroup;
			children = (
				12B2CB312B83B7FF00208C26 /* PhotoPickerExampleApp.swift */,
				12B2CB332B83B7FF00208C26 /* ContentView.swift */,
				12B2CB352B83B80000208C26 /* Assets.xcassets */,
				12B2CB372B83B80000208C26 /* PhotoPickerExample.entitlements */,
				12B2CB382B83B80000208C26 /* Preview Content */,
			);
			path = PhotoPickerExample;
			sourceTree = "<group>";
		};
		12B2CB382B83B80000208C26 /* Preview Content */ = {
			isa = PBXGroup;
			children = (
				12B2CB392B83B80000208C26 /* Preview Assets.xcassets */,
			);
			path = "Preview Content";
			sourceTree = "<group>";
		};
		12B2CB422B83B80000208C26 /* PhotoPickerExampleTests */ = {
			isa = PBXGroup;
			children = (
				12B2CB432B83B80000208C26 /* PhotoPickerExampleTests.swift */,
			);
			path = PhotoPickerExampleTests;
			sourceTree = "<group>";
		};
		12B2CB4C2B83B80000208C26 /* PhotoPickerExampleUITests */ = {
			isa = PBXGroup;
			children = (
				12B2CB4D2B83B80000208C26 /* PhotoPickerExampleUITests.swift */,
				12B2CB4F2B83B80000208C26 /* PhotoPickerExampleUITestsLaunchTests.swift */,
			);
			path = PhotoPickerExampleUITests;
			sourceTree = "<group>";
		};
/* End PBXGroup section */

/* Begin PBXNativeTarget section */
		12B2CB2D2B83B7FF00208C26 /* PhotoPickerExample */ = {
			isa = PBXNativeTarget;
			buildConfigurationList = 12B2CB532B83B80000208C26 /* Build configuration list for PBXNativeTarget "PhotoPickerExample" */;
			buildPhases = (
				12B2CB2A2B83B7FF00208C26 /* Sources */,
				12B2CB2B2B83B7FF00208C26 /* Frameworks */,
				12B2CB2C2B83B7FF00208C26 /* Resources */,
			);
			buildRules = (
			);
			dependencies = (
			);
			name = PhotoPickerExample;
			productName = PhotoPickerExample;
			productReference = 12B2CB2E2B83B7FF00208C26 /* PhotoPickerExample.app */;
			productType = "com.apple.product-type.application";
		};
		12B2CB3E2B83B80000208C26 /* PhotoPickerExampleTests */ = {
			isa = PBXNativeTarget;
			buildConfigurationList = 12B2CB562B83B80000208C26 /* Build configuration list for PBXNativeTarget "PhotoPickerExampleTests" */;
			buildPhases = (
				12B2CB3B2B83B80000208C26 /* Sources */,
				12B2CB3C2B83B80000208C26 /* Frameworks */,
				12B2CB3D2B83B80000208C26 /* Resources */,
			);
			buildRules = (
			);
			dependencies = (
				12B2CB412B83B80000208C26 /* PBXTargetDependency */,
			);
			name = PhotoPickerExampleTests;
			productName = PhotoPickerExampleTests;
			productReference = 12B2CB3F2B83B80000208C26 /* PhotoPickerExampleTests.xctest */;
			productType = "com.apple.product-type.bundle.unit-test";
		};
		12B2CB482B83B80000208C26 /* PhotoPickerExampleUITests */ = {
			isa = PBXNativeTarget;
			buildConfigurationList = 12B2CB592B83B80000208C26 /* Build configuration list for PBXNativeTarget "PhotoPickerExampleUITests" */;
			buildPhases = (
				12B2CB452B83B80000208C26 /* Sources */,
				12B2CB462B83B80000208C26 /* Frameworks */,
				12B2CB472B83B80000208C26 /* Resources */,
			);
			buildRules = (
			);
			dependencies = (
				12B2CB4B2B83B80000208C26 /* PBXTargetDependency */,
			);
			name = PhotoPickerExampleUITests;
			productName = PhotoPickerExampleUITests;
			productReference = 12B2CB492B83B80000208C26 /* PhotoPickerExampleUITests.xctest */;
			productType = "com.apple.product-type.bundle.ui-testing";
		};
/* End PBXNativeTarget section */

/* Begin PBXProject section */
		12B2CB262B83B7FE00208C26 /* Project object */ = {
			isa = PBXProject;
			attributes = {
				BuildIndependentTargetsInParallel = 1;
				LastSwiftUpdateCheck = 1520;
				LastUpgradeCheck = 1520;
				TargetAttributes = {
					12B2CB2D2B83B7FF00208C26 = {
						CreatedOnToolsVersion = 15.2;
					};
					12B2CB3E2B83B80000208C26 = {
						CreatedOnToolsVersion = 15.2;
						TestTargetID = 12B2CB2D2B83B7FF00208C26;
					};
					12B2CB482B83B80000208C26 = {
						CreatedOnToolsVersion = 15.2;
						TestTargetID = 12B2CB2D2B83B7FF00208C26;
					};
				};
			};
			buildConfigurationList = 12B2CB292B83B7FE00208C26 /* Build configuration list for PBXProject "PhotoPickerExample" */;
			compatibilityVersion = "Xcode 14.0";
			developmentRegion = en;
			hasScannedForEncodings = 0;
			knownRegions = (
				en,
				Base,
			);
			mainGroup = 12B2CB252B83B7FE00208C26;
			productRefGroup = 12B2CB2F2B83B7FF00208C26 /* Products */;
			projectDirPath = "";
			projectRoot = "";
			targets = (
				12B2CB2D2B83B7FF00208C26 /* PhotoPickerExample */,
				12B2CB3E2B83B80000208C26 /* PhotoPickerExampleTests */,
				12B2CB482B83B80000208C26 /* PhotoPickerExampleUITests */,
			);
		};
/* End PBXProject section */

/* Begin PBXResourcesBuildPhase section */
		12B2CB2C2B83B7FF00208C26 /* Resources */ = {
			isa = PBXResourcesBuildPhase;
			buildActionMask = 2147483647;
			files = (
				12B2CB3A2B83B80000208C26 /* Preview Assets.xcassets in Resources */,
				12B2CB362B83B80000208C26 /* Assets.xcassets in Resources */,
			);
			runOnlyForDeploymentPostprocessing = 0;
		};
		12B2CB3D2B83B80000208C26 /* Resources */ = {
			isa = PBXResourcesBuildPhase;
			buildActionMask = 2147483647;
			files = (
			);
			runOnlyForDeploymentPostprocessing = 0;
		};
		12B2CB472B83B80000208C26 /* Resources */ = {
			isa = PBXResourcesBuildPhase;
			buildActionMask = 2147483647;
			files = (
			);
			runOnlyForDeploymentPostprocessing = 0;
		};
/* End PBXResourcesBuildPhase section */

/* Begin PBXSourcesBuildPhase section */
		12B2CB2A2B83B7FF00208C26 /* Sources */ = {
			isa = PBXSourcesBuildPhase;
			buildActionMask = 2147483647;
			files = (
				12B2CB342B83B7FF00208C26 /* ContentView.swift in Sources */,
				12B2CB322B83B7FF00208C26 /* PhotoPickerExampleApp.swift in Sources */,
			);
			runOnlyForDeploymentPostprocessing = 0;
		};
		12B2CB3B2B83B80000208C26 /* Sources */ = {
			isa = PBXSourcesBuildPhase;
			buildActionMask = 2147483647;
			files = (
				12B2CB442B83B80000208C26 /* PhotoPickerExampleTests.swift in Sources */,
			);
			runOnlyForDeploymentPostprocessing = 0;
		};
		12B2CB452B83B80000208C26 /* Sources */ = {
			isa = PBXSourcesBuildPhase;
			buildActionMask = 2147483647;
			files = (
				12B2CB502B83B80000208C26 /* PhotoPickerExampleUITestsLaunchTests.swift in Sources */,
				12B2CB4E2B83B80000208C26 /* PhotoPickerExampleUITests.swift in Sources */,
			);
			runOnlyForDeploymentPostprocessing = 0;
		};
/* End PBXSourcesBuildPhase section */

/* Begin PBXTargetDependency section */
		12B2CB412B83B80000208C26 /* PBXTargetDependency */ = {
			isa = PBXTargetDependency;
			target = 12B2CB2D2B83B7FF00208C26 /* PhotoPickerExample */;
			targetProxy = 12B2CB402B83B80000208C26 /* PBXContainerItemProxy */;
		};
		12B2CB4B2B83B80000208C26 /* PBXTargetDependency */ = {
			isa = PBXTargetDependency;
			target = 12B2CB2D2B83B7FF00208C26 /* PhotoPickerExample */;
			targetProxy = 12B2CB4A2B83B80000208C26 /* PBXContainerItemProxy */;
		};
/* End PBXTargetDependency section */

/* Begin XCBuildConfiguration section */
		12B2CB512B83B80000208C26 /* Debug */ = {
			isa = XCBuildConfiguration;
			buildSettings = {
				ALWAYS_SEARCH_USER_PATHS = NO;
				ASSETCATALOG_COMPILER_GENERATE_SWIFT_ASSET_SYMBOL_EXTENSIONS = YES;
				CLANG_ANALYZER_NONNULL = YES;
				CLANG_ANALYZER_NUMBER_OBJECT_CONVERSION = YES_AGGRESSIVE;
				CLANG_CXX_LANGUAGE_STANDARD = "gnu++20";
				CLANG_ENABLE_MODULES = YES;
				CLANG_ENABLE_OBJC_ARC = YES;
				CLANG_ENABLE_OBJC_WEAK = YES;
				CLANG_WARN_BLOCK_CAPTURE_AUTORELEASING = YES;
				CLANG_WARN_BOOL_CONVERSION = YES;
				CLANG_WARN_COMMA = YES;
				CLANG_WARN_CONSTANT_CONVERSION = YES;
				CLANG_WARN_DEPRECATED_OBJC_IMPLEMENTATIONS = YES;
				CLANG_WARN_DIRECT_OBJC_ISA_USAGE = YES_ERROR;
				CLANG_WARN_DOCUMENTATION_COMMENTS = YES;
				CLANG_WARN_EMPTY_BODY = YES;
				CLANG_WARN_ENUM_CONVERSION = YES;
				CLANG_WARN_INFINITE_RECURSION = YES;
				CLANG_WARN_INT_CONVERSION = YES;
				CLANG_WARN_NON_LITERAL_NULL_CONVERSION = YES;
				CLANG_WARN_OBJC_IMPLICIT_RETAIN_SELF = YES;
				CLANG_WARN_OBJC_LITERAL_CONVERSION = YES;
				CLANG_WARN_OBJC_ROOT_CLASS = YES_ERROR;
				CLANG_WARN_QUOTED_INCLUDE_IN_FRAMEWORK_HEADER = YES;
				CLANG_WARN_RANGE_LOOP_ANALYSIS = YES;
				CLANG_WARN_STRICT_PROTOTYPES = YES;
				CLANG_WARN_SUSPICIOUS_MOVE = YES;
				CLANG_WARN_UNGUARDED_AVAILABILITY = YES_AGGRESSIVE;
				CLANG_WARN_UNREACHABLE_CODE = YES;
				CLANG_WARN__DUPLICATE_METHOD_MATCH = YES;
				COPY_PHASE_STRIP = NO;
				DEBUG_INFORMATION_FORMAT = dwarf;
				ENABLE_STRICT_OBJC_MSGSEND = YES;
				ENABLE_TESTABILITY = YES;
				ENABLE_USER_SCRIPT_SANDBOXING = YES;
				GCC_C_LANGUAGE_STANDARD = gnu17;
				GCC_DYNAMIC_NO_PIC = NO;
				GCC_NO_COMMON_BLOCKS = YES;
				GCC_OPTIMIZATION_LEVEL = 0;
				GCC_PREPROCESSOR_DEFINITIONS = (
					"DEBUG=1",
					"$(inherited)",
				);
				GCC_WARN_64_TO_32_BIT_CONVERSION = YES;
				GCC_WARN_ABOUT_RETURN_TYPE = YES_ERROR;
				GCC_WARN_UNDECLARED_SELECTOR = YES;
				GCC_WARN_UNINITIALIZED_AUTOS = YES_AGGRESSIVE;
				GCC_WARN_UNUSED_FUNCTION = YES;
				GCC_WARN_UNUSED_VARIABLE = YES;
				LOCALIZATION_PREFERS_STRING_CATALOGS = YES;
				MTL_ENABLE_DEBUG_INFO = INCLUDE_SOURCE;
				MTL_FAST_MATH = YES;
				ONLY_ACTIVE_ARCH = YES;
				SWIFT_ACTIVE_COMPILATION_CONDITIONS = "DEBUG $(inherited)";
				SWIFT_OPTIMIZATION_LEVEL = "-Onone";
			};
			name = Debug;
		};
		12B2CB522B83B80000208C26 /* Release */ = {
			isa = XCBuildConfiguration;
			buildSettings = {
				ALWAYS_SEARCH_USER_PATHS = NO;
				ASSETCATALOG_COMPILER_GENERATE_SWIFT_ASSET_SYMBOL_EXTENSIONS = YES;
				CLANG_ANALYZER_NONNULL = YES;
				CLANG_ANALYZER_NUMBER_OBJECT_CONVERSION = YES_AGGRESSIVE;
				CLANG_CXX_LANGUAGE_STANDARD = "gnu++20";
				CLANG_ENABLE_MODULES = YES;
				CLANG_ENABLE_OBJC_ARC = YES;
				CLANG_ENABLE_OBJC_WEAK = YES;
				CLANG_WARN_BLOCK_CAPTURE_AUTORELEASING = YES;
				CLANG_WARN_BOOL_CONVERSION = YES;
				CLANG_WARN_COMMA = YES;
				CLANG_WARN_CONSTANT_CONVERSION = YES;
				CLANG_WARN_DEPRECATED_OBJC_IMPLEMENTATIONS = YES;
				CLANG_WARN_DIRECT_OBJC_ISA_USAGE = YES_ERROR;
				CLANG_WARN_DOCUMENTATION_COMMENTS = YES;
				CLANG_WARN_EMPTY_BODY = YES;
				CLANG_WARN_ENUM_CONVERSION = YES;
				CLANG_WARN_INFINITE_RECURSION = YES;
				CLANG_WARN_INT_CONVERSION = YES;
				CLANG_WARN_NON_LITERAL_NULL_CONVERSION = YES;
				CLANG_WARN_OBJC_IMPLICIT_RETAIN_SELF = YES;
				CLANG_WARN_OBJC_LITERAL_CONVERSION = YES;
				CLANG_WARN_OBJC_ROOT_CLASS = YES_ERROR;
				CLANG_WARN_QUOTED_INCLUDE_IN_FRAMEWORK_HEADER = YES;
				CLANG_WARN_RANGE_LOOP_ANALYSIS = YES;
				CLANG_WARN_STRICT_PROTOTYPES = YES;
				CLANG_WARN_SUSPICIOUS_MOVE = YES;
				CLANG_WARN_UNGUARDED_AVAILABILITY = YES_AGGRESSIVE;
				CLANG_WARN_UNREACHABLE_CODE = YES;
				CLANG_WARN__DUPLICATE_METHOD_MATCH = YES;
				COPY_PHASE_STRIP = NO;
				DEBUG_INFORMATION_FORMAT = "dwarf-with-dsym";
				ENABLE_NS_ASSERTIONS = NO;
				ENABLE_STRICT_OBJC_MSGSEND = YES;
				ENABLE_USER_SCRIPT_SANDBOXING = YES;
				GCC_C_LANGUAGE_STANDARD = gnu17;
				GCC_NO_COMMON_BLOCKS = YES;
				GCC_WARN_64_TO_32_BIT_CONVERSION = YES;
				GCC_WARN_ABOUT_RETURN_TYPE = YES_ERROR;
				GCC_WARN_UNDECLARED_SELECTOR = YES;
				GCC_WARN_UNINITIALIZED_AUTOS = YES_AGGRESSIVE;
				GCC_WARN_UNUSED_FUNCTION = YES;
				GCC_WARN_UNUSED_VARIABLE = YES;
				LOCALIZATION_PREFERS_STRING_CATALOGS = YES;
				MTL_ENABLE_DEBUG_INFO = NO;
				MTL_FAST_MATH = YES;
				SWIFT_COMPILATION_MODE = wholemodule;
			};
			name = Release;
		};
		12B2CB542B83B80000208C26 /* Debug */ = {
			isa = XCBuildConfiguration;
			buildSettings = {
				ASSETCATALOG_COMPILER_APPICON_NAME = AppIcon;
				ASSETCATALOG_COMPILER_GLOBAL_ACCENT_COLOR_NAME = AccentColor;
				CODE_SIGN_ENTITLEMENTS = PhotoPickerExample/PhotoPickerExample.entitlements;
				CODE_SIGN_STYLE = Automatic;
				CURRENT_PROJECT_VERSION = 1;
				DEVELOPMENT_ASSET_PATHS = "\"PhotoPickerExample/Preview Content\"";
				DEVELOPMENT_TEAM = 8QQYNTY523;
				ENABLE_HARDENED_RUNTIME = YES;
				ENABLE_PREVIEWS = YES;
				GENERATE_INFOPLIST_FILE = YES;
				"INFOPLIST_KEY_UIApplicationSceneManifest_Generation[sdk=iphoneos*]" = YES;
				"INFOPLIST_KEY_UIApplicationSceneManifest_Generation[sdk=iphonesimulator*]" = YES;
				"INFOPLIST_KEY_UIApplicationSupportsIndirectInputEvents[sdk=iphoneos*]" = YES;
				"INFOPLIST_KEY_UIApplicationSupportsIndirectInputEvents[sdk=iphonesimulator*]" = YES;
				"INFOPLIST_KEY_UILaunchScreen_Generation[sdk=iphoneos*]" = YES;
				"INFOPLIST_KEY_UILaunchScreen_Generation[sdk=iphonesimulator*]" = YES;
				"INFOPLIST_KEY_UIStatusBarStyle[sdk=iphoneos*]" = UIStatusBarStyleDefault;
				"INFOPLIST_KEY_UIStatusBarStyle[sdk=iphonesimulator*]" = UIStatusBarStyleDefault;
				INFOPLIST_KEY_UISupportedInterfaceOrientations_iPad = "UIInterfaceOrientationPortrait UIInterfaceOrientationPortraitUpsideDown UIInterfaceOrientationLandscapeLeft UIInterfaceOrientationLandscapeRight";
				INFOPLIST_KEY_UISupportedInterfaceOrientations_iPhone = "UIInterfaceOrientationPortrait UIInterfaceOrientationLandscapeLeft UIInterfaceOrientationLandscapeRight";
				IPHONEOS_DEPLOYMENT_TARGET = 17.2;
				LD_RUNPATH_SEARCH_PATHS = "@executable_path/Frameworks";
				"LD_RUNPATH_SEARCH_PATHS[sdk=macosx*]" = "@executable_path/../Frameworks";
				MACOSX_DEPLOYMENT_TARGET = 14.2;
				MARKETING_VERSION = 1.0;
				PRODUCT_BUNDLE_IDENTIFIER = com.weldtactics.PhotoPickerExample;
				PRODUCT_NAME = "$(TARGET_NAME)";
				SDKROOT = auto;
				SUPPORTED_PLATFORMS = "iphoneos iphonesimulator macosx";
				SWIFT_EMIT_LOC_STRINGS = YES;
				SWIFT_VERSION = 5.0;
				TARGETED_DEVICE_FAMILY = "1,2";
			};
			name = Debug;
		};
		12B2CB552B83B80000208C26 /* Release */ = {
			isa = XCBuildConfiguration;
			buildSettings = {
				ASSETCATALOG_COMPILER_APPICON_NAME = AppIcon;
				ASSETCATALOG_COMPILER_GLOBAL_ACCENT_COLOR_NAME = AccentColor;
				CODE_SIGN_ENTITLEMENTS = PhotoPickerExample/PhotoPickerExample.entitlements;
				CODE_SIGN_STYLE = Automatic;
				CURRENT_PROJECT_VERSION = 1;
				DEVELOPMENT_ASSET_PATHS = "\"PhotoPickerExample/Preview Content\"";
				DEVELOPMENT_TEAM = 8QQYNTY523;
				ENABLE_HARDENED_RUNTIME = YES;
				ENABLE_PREVIEWS = YES;
				GENERATE_INFOPLIST_FILE = YES;
				"INFOPLIST_KEY_UIApplicationSceneManifest_Generation[sdk=iphoneos*]" = YES;
				"INFOPLIST_KEY_UIApplicationSceneManifest_Generation[sdk=iphonesimulator*]" = YES;
				"INFOPLIST_KEY_UIApplicationSupportsIndirectInputEvents[sdk=iphoneos*]" = YES;
				"INFOPLIST_KEY_UIApplicationSupportsIndirectInputEvents[sdk=iphonesimulator*]" = YES;
				"INFOPLIST_KEY_UILaunchScreen_Generation[sdk=iphoneos*]" = YES;
				"INFOPLIST_KEY_UILaunchScreen_Generation[sdk=iphonesimulator*]" = YES;
				"INFOPLIST_KEY_UIStatusBarStyle[sdk=iphoneos*]" = UIStatusBarStyleDefault;
				"INFOPLIST_KEY_UIStatusBarStyle[sdk=iphonesimulator*]" = UIStatusBarStyleDefault;
				INFOPLIST_KEY_UISupportedInterfaceOrientations_iPad = "UIInterfaceOrientationPortrait UIInterfaceOrientationPortraitUpsideDown UIInterfaceOrientationLandscapeLeft UIInterfaceOrientationLandscapeRight";
				INFOPLIST_KEY_UISupportedInterfaceOrientations_iPhone = "UIInterfaceOrientationPortrait UIInterfaceOrientationLandscapeLeft UIInterfaceOrientationLandscapeRight";
				IPHONEOS_DEPLOYMENT_TARGET = 17.2;
				LD_RUNPATH_SEARCH_PATHS = "@executable_path/Frameworks";
				"LD_RUNPATH_SEARCH_PATHS[sdk=macosx*]" = "@executable_path/../Frameworks";
				MACOSX_DEPLOYMENT_TARGET = 14.2;
				MARKETING_VERSION = 1.0;
				PRODUCT_BUNDLE_IDENTIFIER = com.weldtactics.PhotoPickerExample;
				PRODUCT_NAME = "$(TARGET_NAME)";
				SDKROOT = auto;
				SUPPORTED_PLATFORMS = "iphoneos iphonesimulator macosx";
				SWIFT_EMIT_LOC_STRINGS = YES;
				SWIFT_VERSION = 5.0;
				TARGETED_DEVICE_FAMILY = "1,2";
			};
			name = Release;
		};
		12B2CB572B83B80000208C26 /* Debug */ = {
			isa = XCBuildConfiguration;
			buildSettings = {
				ALWAYS_EMBED_SWIFT_STANDARD_LIBRARIES = YES;
				BUNDLE_LOADER = "$(TEST_HOST)";
				CODE_SIGN_STYLE = Automatic;
				CURRENT_PROJECT_VERSION = 1;
				DEVELOPMENT_TEAM = 8QQYNTY523;
				GENERATE_INFOPLIST_FILE = YES;
				IPHONEOS_DEPLOYMENT_TARGET = 17.2;
				MACOSX_DEPLOYMENT_TARGET = 14.2;
				MARKETING_VERSION = 1.0;
				PRODUCT_BUNDLE_IDENTIFIER = com.weldtactics.PhotoPickerExampleTests;
				PRODUCT_NAME = "$(TARGET_NAME)";
				SDKROOT = auto;
				SUPPORTED_PLATFORMS = "iphoneos iphonesimulator macosx";
				SWIFT_EMIT_LOC_STRINGS = NO;
				SWIFT_VERSION = 5.0;
				TARGETED_DEVICE_FAMILY = "1,2";
				TEST_HOST = "$(BUILT_PRODUCTS_DIR)/PhotoPickerExample.app/$(BUNDLE_EXECUTABLE_FOLDER_PATH)/PhotoPickerExample";
			};
			name = Debug;
		};
		12B2CB582B83B80000208C26 /* Release */ = {
			isa = XCBuildConfiguration;
			buildSettings = {
				ALWAYS_EMBED_SWIFT_STANDARD_LIBRARIES = YES;
				BUNDLE_LOADER = "$(TEST_HOST)";
				CODE_SIGN_STYLE = Automatic;
				CURRENT_PROJECT_VERSION = 1;
				DEVELOPMENT_TEAM = 8QQYNTY523;
				GENERATE_INFOPLIST_FILE = YES;
				IPHONEOS_DEPLOYMENT_TARGET = 17.2;
				MACOSX_DEPLOYMENT_TARGET = 14.2;
				MARKETING_VERSION = 1.0;
				PRODUCT_BUNDLE_IDENTIFIER = com.weldtactics.PhotoPickerExampleTests;
				PRODUCT_NAME = "$(TARGET_NAME)";
				SDKROOT = auto;
				SUPPORTED_PLATFORMS = "iphoneos iphonesimulator macosx";
				SWIFT_EMIT_LOC_STRINGS = NO;
				SWIFT_VERSION = 5.0;
				TARGETED_DEVICE_FAMILY = "1,2";
				TEST_HOST = "$(BUILT_PRODUCTS_DIR)/PhotoPickerExample.app/$(BUNDLE_EXECUTABLE_FOLDER_PATH)/PhotoPickerExample";
			};
			name = Release;
		};
		12B2CB5A2B83B80000208C26 /* Debug */ = {
			isa = XCBuildConfiguration;
			buildSettings = {
				ALWAYS_EMBED_SWIFT_STANDARD_LIBRARIES = YES;
				CODE_SIGN_STYLE = Automatic;
				CURRENT_PROJECT_VERSION = 1;
				DEVELOPMENT_TEAM = 8QQYNTY523;
				GENERATE_INFOPLIST_FILE = YES;
				IPHONEOS_DEPLOYMENT_TARGET = 17.2;
				MACOSX_DEPLOYMENT_TARGET = 14.2;
				MARKETING_VERSION = 1.0;
				PRODUCT_BUNDLE_IDENTIFIER = com.weldtactics.PhotoPickerExampleUITests;
				PRODUCT_NAME = "$(TARGET_NAME)";
				SDKROOT = auto;
				SUPPORTED_PLATFORMS = "iphoneos iphonesimulator macosx";
				SWIFT_EMIT_LOC_STRINGS = NO;
				SWIFT_VERSION = 5.0;
				TARGETED_DEVICE_FAMILY = "1,2";
				TEST_TARGET_NAME = PhotoPickerExample;
			};
			name = Debug;
		};
		12B2CB5B2B83B80000208C26 /* Release */ = {
			isa = XCBuildConfiguration;
			buildSettings = {
				ALWAYS_EMBED_SWIFT_STANDARD_LIBRARIES = YES;
				CODE_SIGN_STYLE = Automatic;
				CURRENT_PROJECT_VERSION = 1;
				DEVELOPMENT_TEAM = 8QQYNTY523;
				GENERATE_INFOPLIST_FILE = YES;
				IPHONEOS_DEPLOYMENT_TARGET = 17.2;
				MACOSX_DEPLOYMENT_TARGET = 14.2;
				MARKETING_VERSION = 1.0;
				PRODUCT_BUNDLE_IDENTIFIER = com.weldtactics.PhotoPickerExampleUITests;
				PRODUCT_NAME = "$(TARGET_NAME)";
				SDKROOT = auto;
				SUPPORTED_PLATFORMS = "iphoneos iphonesimulator macosx";
				SWIFT_EMIT_LOC_STRINGS = NO;
				SWIFT_VERSION = 5.0;
				TARGETED_DEVICE_FAMILY = "1,2";
				TEST_TARGET_NAME = PhotoPickerExample;
			};
			name = Release;
		};
/* End XCBuildConfiguration section */

/* Begin XCConfigurationList section */
		12B2CB292B83B7FE00208C26 /* Build configuration list for PBXProject "PhotoPickerExample" */ = {
			isa = XCConfigurationList;
			buildConfigurations = (
				12B2CB512B83B80000208C26 /* Debug */,
				12B2CB522B83B80000208C26 /* Release */,
			);
			defaultConfigurationIsVisible = 0;
			defaultConfigurationName = Release;
		};
		12B2CB532B83B80000208C26 /* Build configuration list for PBXNativeTarget "PhotoPickerExample" */ = {
			isa = XCConfigurationList;
			buildConfigurations = (
				12B2CB542B83B80000208C26 /* Debug */,
				12B2CB552B83B80000208C26 /* Release */,
			);
			defaultConfigurationIsVisible = 0;
			defaultConfigurationName = Release;
		};
		12B2CB562B83B80000208C26 /* Build configuration list for PBXNativeTarget "PhotoPickerExampleTests" */ = {
			isa = XCConfigurationList;
			buildConfigurations = (
				12B2CB572B83B80000208C26 /* Debug */,
				12B2CB582B83B80000208C26 /* Release */,
			);
			defaultConfigurationIsVisible = 0;
			defaultConfigurationName = Release;
		};
		12B2CB592B83B80000208C26 /* Build configuration list for PBXNativeTarget "PhotoPickerExampleUITests" */ = {
			isa = XCConfigurationList;
			buildConfigurations = (
				12B2CB5A2B83B80000208C26 /* Debug */,
				12B2CB5B2B83B80000208C26 /* Release */,
			);
			defaultConfigurationIsVisible = 0;
			defaultConfigurationName = Release;
		};
/* End XCConfigurationList section */
	};
	rootObject = 12B2CB262B83B7FE00208C26 /* Project object */;
}
